<?xml version="1.0" encoding="UTF-8" standalone="yes" ?>
<CodeBlocks_project_file>
	<FileVersion major="1" minor="6" />
	<Project>
		<Option title="OnePieceGame" />
		<Option pch_mode="2" />
		<Option compiler="gcc" />
		<Build>
			<Target title="Debug">
				<Option output="bin/Debug/OnePeaceGame" prefix_auto="1" extension_auto="1" />
				<Option object_output="obj/Debug/" />
				<Option type="1" />
				<Option compiler="gcc" />
				<Compiler>
					<Add option="-g" />
					<Add directory="include" />
				</Compiler>
			</Target>
			<Target title="Release">
				<Option output="bin/Release/OnePeaceGame" prefix_auto="1" extension_auto="1" />
				<Option object_output="obj/Release/" />
				<Option type="1" />
				<Option compiler="gcc" />
				<Compiler>
					<Add option="-O2" />
					<Add directory="include" />
				</Compiler>
				<Linker>
					<Add option="-s" />
				</Linker>
			</Target>
		</Build>
		<Compiler>
			<Add option="-Wall" />
			<Add option="-DSFML_STATIC" />
			<Add directory="SFML/include" />
			<Add directory="." />
		</Compiler>
		<Linker>
			<Add library="sfml-graphics" />
			<Add library="sfml-window" />
			<Add library="sfml-system" />
			<Add library="sfml-audio" />
			<Add directory="SFML/lib" />
		</Linker>
		<Unit filename="include/Camara.h" />
		<Unit filename="include/EstadosJuego.h" />
		<Unit filename="include/EstadosLuffy.h" />
		<Unit filename="include/Game.h" />
		<Unit filename="include/Luffy.h" />
		<Unit filename="include/Obstaculo.h" />
		<Unit filename="include/Pantalla.h" />
		<Unit filename="include/Sonido.h" />
		<Unit filename="main.cpp" />
		<Unit filename="src/Camara.cpp" />
		<Unit filename="src/Game.cpp" />
		<Unit filename="src/Luffy.cpp" />
		<Unit filename="src/Obstaculo.cpp" />
		<Unit filename="src/Pantalla.cpp" />
		<Unit filename="src/Sonido.cpp" />
		<Extensions>
			<code_completion />
			<envvars />
			<debugger />
		</Extensions>
	</Project>
</CodeBlocks_project_file>
